
Microsoft Visual Studio Solution File, Format Version 12.00
# Visual Studio Version 17
VisualStudioVersion = 17.4.33213.308
MinimumVisualStudioVersion = 10.0.40219.1
Project("{9A19103F-16F7-4668-BE54-9A1E7A4F7556}") = "PokemonBattleApi", "PokemonReviewApi\PokemonBattleApi.csproj", "{914C832C-FDDB-48FE-A95E-40CC47BD22D1}"
EndProject
Project("{9A19103F-16F7-4668-BE54-9A1E7A4F7556}") = "PokemonBattle.BLL", "PokemonBattle.BLL\PokemonBattle.BLL.csproj", "{D168CB35-D107-4D6A-812C-D344A1AAAECA}"
EndProject
Project("{9A19103F-16F7-4668-BE54-9A1E7A4F7556}") = "PokemonBattle.DAL", "PokemonBattle.DAL\PokemonBattle.DAL.csproj", "{435FC648-AC41-4170-B330-6900EDB164C6}"
EndProject
Project("{FAE04EC0-301F-11D3-BF4B-00C04F79EFBC}") = "PokemonBattle.BLL.Tests", "PokemonBattle.BLL.Tests\PokemonBattle.BLL.Tests.csproj", "{4F05EBD0-ED9F-428F-8FB6-2D25C7C9EBBE}"
EndProject
Global
	GlobalSection(SolutionConfigurationPlatforms) = preSolution
		Debug|Any CPU = Debug|Any CPU
		Release|Any CPU = Release|Any CPU
	EndGlobalSection
	GlobalSection(ProjectConfigurationPlatforms) = postSolution
		{914C832C-FDDB-48FE-A95E-40CC47BD22D1}.Debug|Any CPU.ActiveCfg = Debug|Any CPU
		{914C832C-FDDB-48FE-A95E-40CC47BD22D1}.Debug|Any CPU.Build.0 = Debug|Any CPU
		{914C832C-FDDB-48FE-A95E-40CC47BD22D1}.Release|Any CPU.ActiveCfg = Release|Any CPU
		{914C832C-FDDB-48FE-A95E-40CC47BD22D1}.Release|Any CPU.Build.0 = Release|Any CPU
		{D168CB35-D107-4D6A-812C-D344A1AAAECA}.Debug|Any CPU.ActiveCfg = Debug|Any CPU
		{D168CB35-D107-4D6A-812C-D344A1AAAECA}.Debug|Any CPU.Build.0 = Debug|Any CPU
		{D168CB35-D107-4D6A-812C-D344A1AAAECA}.Release|Any CPU.ActiveCfg = Release|Any CPU
		{D168CB35-D107-4D6A-812C-D344A1AAAECA}.Release|Any CPU.Build.0 = Release|Any CPU
		{435FC648-AC41-4170-B330-6900EDB164C6}.Debug|Any CPU.ActiveCfg = Debug|Any CPU
		{435FC648-AC41-4170-B330-6900EDB164C6}.Debug|Any CPU.Build.0 = Debug|Any CPU
		{435FC648-AC41-4170-B330-6900EDB164C6}.Release|Any CPU.ActiveCfg = Release|Any CPU
		{435FC648-AC41-4170-B330-6900EDB164C6}.Release|Any CPU.Build.0 = Release|Any CPU
		{4F05EBD0-ED9F-428F-8FB6-2D25C7C9EBBE}.Debug|Any CPU.ActiveCfg = Debug|Any CPU
		{4F05EBD0-ED9F-428F-8FB6-2D25C7C9EBBE}.Debug|Any CPU.Build.0 = Debug|Any CPU
		{4F05EBD0-ED9F-428F-8FB6-2D25C7C9EBBE}.Release|Any CPU.ActiveCfg = Release|Any CPU
		{4F05EBD0-ED9F-428F-8FB6-2D25C7C9EBBE}.Release|Any CPU.Build.0 = Release|Any CPU
	EndGlobalSection
	GlobalSection(SolutionProperties) = preSolution
		HideSolutionNode = FALSE
	EndGlobalSection
	GlobalSection(ExtensibilityGlobals) = postSolution
		SolutionGuid = {A0F6F9CC-0DD3-4361-B0BA-A14C169E5A73}
	EndGlobalSection
EndGlobal
